// !$*UTF8*$!
{
	archiveVersion = 1;
	classes = {
	};
	objectVersion = 56;
	objects = {

/* Begin PBXBuildFile section */
		7AFD7C5E2963674100296B9E /* AppDelegate.swift in Sources */ = {isa = PBXBuildFile; fileRef = 7AFD7C5D2963674100296B9E /* AppDelegate.swift */; };
		7AFD7C602963674100296B9E /* SceneDelegate.swift in Sources */ = {isa = PBXBuildFile; fileRef = 7AFD7C5F2963674100296B9E /* SceneDelegate.swift */; };
		7AFD7C622963674100296B9E /* TabBarController.swift in Sources */ = {isa = PBXBuildFile; fileRef = 7AFD7C612963674100296B9E /* TabBarController.swift */; };
		7AFD7C672963674300296B9E /* Assets.xcassets in Resources */ = {isa = PBXBuildFile; fileRef = 7AFD7C662963674300296B9E /* Assets.xcassets */; };
		7AFD7C6A2963674300296B9E /* LaunchScreen.storyboard in Resources */ = {isa = PBXBuildFile; fileRef = 7AFD7C682963674300296B9E /* LaunchScreen.storyboard */; };
		7AFD7C7929636AA400296B9E /* Location.swift in Sources */ = {isa = PBXBuildFile; fileRef = 7AFD7C7829636AA400296B9E /* Location.swift */; };
		7AFD7C7B29636AB700296B9E /* Character.swift in Sources */ = {isa = PBXBuildFile; fileRef = 7AFD7C7A29636AB700296B9E /* Character.swift */; };
		7AFD7C7D29636AD100296B9E /* Episode.swift in Sources */ = {isa = PBXBuildFile; fileRef = 7AFD7C7C29636AD100296B9E /* Episode.swift */; };
		7AFD7C802963797100296B9E /* EpisodeViewController.swift in Sources */ = {isa = PBXBuildFile; fileRef = 7AFD7C7F2963797100296B9E /* EpisodeViewController.swift */; };
		7AFD7C8229637A0B00296B9E /* LocationViewController.swift in Sources */ = {isa = PBXBuildFile; fileRef = 7AFD7C8129637A0B00296B9E /* LocationViewController.swift */; };
		7AFD7C8429637A1C00296B9E /* SettingsViewController.swift in Sources */ = {isa = PBXBuildFile; fileRef = 7AFD7C8329637A1C00296B9E /* SettingsViewController.swift */; };
		7AFD7C8629637A3800296B9E /* CharacterViewController.swift in Sources */ = {isa = PBXBuildFile; fileRef = 7AFD7C8529637A3800296B9E /* CharacterViewController.swift */; };
/* End PBXBuildFile section */

/* Begin PBXFileReference section */
		7AFD7C5A2963674100296B9E /* RickAndMorty.app */ = {isa = PBXFileReference; explicitFileType = wrapper.application; includeInIndex = 0; path = RickAndMorty.app; sourceTree = BUILT_PRODUCTS_DIR; };
		7AFD7C5D2963674100296B9E /* AppDelegate.swift */ = {isa = PBXFileReference; lastKnownFileType = sourcecode.swift; path = AppDelegate.swift; sourceTree = "<group>"; };
		7AFD7C5F2963674100296B9E /* SceneDelegate.swift */ = {isa = PBXFileReference; lastKnownFileType = sourcecode.swift; path = SceneDelegate.swift; sourceTree = "<group>"; };
		7AFD7C612963674100296B9E /* TabBarController.swift */ = {isa = PBXFileReference; lastKnownFileType = sourcecode.swift; path = TabBarController.swift; sourceTree = "<group>"; };
		7AFD7C662963674300296B9E /* Assets.xcassets */ = {isa = PBXFileReference; lastKnownFileType = folder.assetcatalog; path = Assets.xcassets; sourceTree = "<group>"; };
		7AFD7C692963674300296B9E /* Base */ = {isa = PBXFileReference; lastKnownFileType = file.storyboard; name = Base; path = Base.lproj/LaunchScreen.storyboard; sourceTree = "<group>"; };
		7AFD7C6B2963674300296B9E /* Info.plist */ = {isa = PBXFileReference; lastKnownFileType = text.plist.xml; path = Info.plist; sourceTree = "<group>"; };
		7AFD7C7829636AA400296B9E /* Location.swift */ = {isa = PBXFileReference; lastKnownFileType = sourcecode.swift; path = Location.swift; sourceTree = "<group>"; };
		7AFD7C7A29636AB700296B9E /* Character.swift */ = {isa = PBXFileReference; lastKnownFileType = sourcecode.swift; path = Character.swift; sourceTree = "<group>"; };
		7AFD7C7C29636AD100296B9E /* Episode.swift */ = {isa = PBXFileReference; lastKnownFileType = sourcecode.swift; path = Episode.swift; sourceTree = "<group>"; };
		7AFD7C7F2963797100296B9E /* EpisodeViewController.swift */ = {isa = PBXFileReference; lastKnownFileType = sourcecode.swift; path = EpisodeViewController.swift; sourceTree = "<group>"; };
		7AFD7C8129637A0B00296B9E /* LocationViewController.swift */ = {isa = PBXFileReference; lastKnownFileType = sourcecode.swift; path = LocationViewController.swift; sourceTree = "<group>"; };
		7AFD7C8329637A1C00296B9E /* SettingsViewController.swift */ = {isa = PBXFileReference; lastKnownFileType = sourcecode.swift; path = SettingsViewController.swift; sourceTree = "<group>"; };
		7AFD7C8529637A3800296B9E /* CharacterViewController.swift */ = {isa = PBXFileReference; lastKnownFileType = sourcecode.swift; path = CharacterViewController.swift; sourceTree = "<group>"; };
/* End PBXFileReference section */

/* Begin PBXFrameworksBuildPhase section */
		7AFD7C572963674100296B9E /* Frameworks */ = {
			isa = PBXFrameworksBuildPhase;
			buildActionMask = 2147483647;
			files = (
			);
			runOnlyForDeploymentPostprocessing = 0;
		};
/* End PBXFrameworksBuildPhase section */

/* Begin PBXGroup section */
		7AFD7C512963674100296B9E = {
			isa = PBXGroup;
			children = (
				7AFD7C5C2963674100296B9E /* RickAndMorty */,
				7AFD7C5B2963674100296B9E /* Products */,
			);
			sourceTree = "<group>";
		};
		7AFD7C5B2963674100296B9E /* Products */ = {
			isa = PBXGroup;
			children = (
				7AFD7C5A2963674100296B9E /* RickAndMorty.app */,
			);
			name = Products;
			sourceTree = "<group>";
		};
		7AFD7C5C2963674100296B9E /* RickAndMorty */ = {
			isa = PBXGroup;
			children = (
				7AFD7C7729636A1700296B9E /* Managers */,
				7AFD7C7629636A0A00296B9E /* Resources */,
				7AFD7C75296369F600296B9E /* APIClient */,
				7AFD7C74296369E600296B9E /* ViewModels */,
				7AFD7C73296369DD00296B9E /* Views */,
				7AFD7C72296369D300296B9E /* Models */,
				7AFD7C71296369C900296B9E /* Controller */,
				7AFD7C6B2963674300296B9E /* Info.plist */,
			);
			path = RickAndMorty;
			sourceTree = "<group>";
		};
		7AFD7C71296369C900296B9E /* Controller */ = {
			isa = PBXGroup;
			children = (
				7AFD7C7E29636B0C00296B9E /* Core */,
			);
			path = Controller;
			sourceTree = "<group>";
		};
		7AFD7C72296369D300296B9E /* Models */ = {
			isa = PBXGroup;
			children = (
				7AFD7C7829636AA400296B9E /* Location.swift */,
				7AFD7C7A29636AB700296B9E /* Character.swift */,
				7AFD7C7C29636AD100296B9E /* Episode.swift */,
			);
			path = Models;
			sourceTree = "<group>";
		};
		7AFD7C73296369DD00296B9E /* Views */ = {
			isa = PBXGroup;
			children = (
			);
			path = Views;
			sourceTree = "<group>";
		};
		7AFD7C74296369E600296B9E /* ViewModels */ = {
			isa = PBXGroup;
			children = (
			);
			path = ViewModels;
			sourceTree = "<group>";
		};
		7AFD7C75296369F600296B9E /* APIClient */ = {
			isa = PBXGroup;
			children = (
			);
			path = APIClient;
			sourceTree = "<group>";
		};
		7AFD7C7629636A0A00296B9E /* Resources */ = {
			isa = PBXGroup;
			children = (
				7AFD7C5D2963674100296B9E /* AppDelegate.swift */,
				7AFD7C5F2963674100296B9E /* SceneDelegate.swift */,
				7AFD7C662963674300296B9E /* Assets.xcassets */,
				7AFD7C682963674300296B9E /* LaunchScreen.storyboard */,
			);
			path = Resources;
			sourceTree = "<group>";
		};
		7AFD7C7729636A1700296B9E /* Managers */ = {
			isa = PBXGroup;
			children = (
			);
			path = Managers;
			sourceTree = "<group>";
		};
		7AFD7C7E29636B0C00296B9E /* Core */ = {
			isa = PBXGroup;
			children = (
				7AFD7C612963674100296B9E /* TabBarController.swift */,
				7AFD7C7F2963797100296B9E /* EpisodeViewController.swift */,
				7AFD7C8129637A0B00296B9E /* LocationViewController.swift */,
				7AFD7C8329637A1C00296B9E /* SettingsViewController.swift */,
				7AFD7C8529637A3800296B9E /* CharacterViewController.swift */,
			);
			path = Core;
			sourceTree = "<group>";
		};
/* End PBXGroup section */

/* Begin PBXNativeTarget section */
		7AFD7C592963674100296B9E /* RickAndMorty */ = {
			isa = PBXNativeTarget;
			buildConfigurationList = 7AFD7C6E2963674300296B9E /* Build configuration list for PBXNativeTarget "RickAndMorty" */;
			buildPhases = (
				7AFD7C562963674100296B9E /* Sources */,
				7AFD7C572963674100296B9E /* Frameworks */,
				7AFD7C582963674100296B9E /* Resources */,
			);
			buildRules = (
			);
			dependencies = (
			);
			name = RickAndMorty;
			productName = RickAndMorty;
			productReference = 7AFD7C5A2963674100296B9E /* RickAndMorty.app */;
			productType = "com.apple.product-type.application";
		};
/* End PBXNativeTarget section */

/* Begin PBXProject section */
		7AFD7C522963674100296B9E /* Project object */ = {
			isa = PBXProject;
			attributes = {
				BuildIndependentTargetsInParallel = 1;
				LastSwiftUpdateCheck = 1400;
				LastUpgradeCheck = 1400;
				TargetAttributes = {
					7AFD7C592963674100296B9E = {
						CreatedOnToolsVersion = 14.0.1;
					};
				};
			};
			buildConfigurationList = 7AFD7C552963674100296B9E /* Build configuration list for PBXProject "RickAndMorty" */;
			compatibilityVersion = "Xcode 14.0";
			developmentRegion = en;
			hasScannedForEncodings = 0;
			knownRegions = (
				en,
				Base,
			);
			mainGroup = 7AFD7C512963674100296B9E;
			productRefGroup = 7AFD7C5B2963674100296B9E /* Products */;
			projectDirPath = "";
			projectRoot = "";
			targets = (
				7AFD7C592963674100296B9E /* RickAndMorty */,
			);
		};
/* End PBXProject section */

/* Begin PBXResourcesBuildPhase section */
		7AFD7C582963674100296B9E /* Resources */ = {
			isa = PBXResourcesBuildPhase;
			buildActionMask = 2147483647;
			files = (
				7AFD7C6A2963674300296B9E /* LaunchScreen.storyboard in Resources */,
				7AFD7C672963674300296B9E /* Assets.xcassets in Resources */,
			);
			runOnlyForDeploymentPostprocessing = 0;
		};
/* End PBXResourcesBuildPhase section */

/* Begin PBXSourcesBuildPhase section */
		7AFD7C562963674100296B9E /* Sources */ = {
			isa = PBXSourcesBuildPhase;
			buildActionMask = 2147483647;
			files = (
				7AFD7C622963674100296B9E /* TabBarController.swift in Sources */,
				7AFD7C802963797100296B9E /* EpisodeViewController.swift in Sources */,
				7AFD7C7D29636AD100296B9E /* Episode.swift in Sources */,
				7AFD7C5E2963674100296B9E /* AppDelegate.swift in Sources */,
				7AFD7C7B29636AB700296B9E /* Character.swift in Sources */,
				7AFD7C7929636AA400296B9E /* Location.swift in Sources */,
				7AFD7C8629637A3800296B9E /* CharacterViewController.swift in Sources */,
				7AFD7C602963674100296B9E /* SceneDelegate.swift in Sources */,
				7AFD7C8229637A0B00296B9E /* LocationViewController.swift in Sources */,
				7AFD7C8429637A1C00296B9E /* SettingsViewController.swift in Sources */,
			);
			runOnlyForDeploymentPostprocessing = 0;
		};
/* End PBXSourcesBuildPhase section */

/* Begin PBXVariantGroup section */
		7AFD7C682963674300296B9E /* LaunchScreen.storyboard */ = {
			isa = PBXVariantGroup;
			children = (
				7AFD7C692963674300296B9E /* Base */,
			);
			name = LaunchScreen.storyboard;
			sourceTree = "<group>";
		};
/* End PBXVariantGroup section */

/* Begin XCBuildConfiguration section */
		7AFD7C6C2963674300296B9E /* Debug */ = {
			isa = XCBuildConfiguration;
			buildSettings = {
				ALWAYS_SEARCH_USER_PATHS = NO;
				CLANG_ANALYZER_NONNULL = YES;
				CLANG_ANALYZER_NUMBER_OBJECT_CONVERSION = YES_AGGRESSIVE;
				CLANG_CXX_LANGUAGE_STANDARD = "gnu++20";
				CLANG_ENABLE_MODULES = YES;
				CLANG_ENABLE_OBJC_ARC = YES;
				CLANG_ENABLE_OBJC_WEAK = YES;
				CLANG_WARN_BLOCK_CAPTURE_AUTORELEASING = YES;
				CLANG_WARN_BOOL_CONVERSION = YES;
				CLANG_WARN_COMMA = YES;
				CLANG_WARN_CONSTANT_CONVERSION = YES;
				CLANG_WARN_DEPRECATED_OBJC_IMPLEMENTATIONS = YES;
				CLANG_WARN_DIRECT_OBJC_ISA_USAGE = YES_ERROR;
				CLANG_WARN_DOCUMENTATION_COMMENTS = YES;
				CLANG_WARN_EMPTY_BODY = YES;
				CLANG_WARN_ENUM_CONVERSION = YES;
				CLANG_WARN_INFINITE_RECURSION = YES;
				CLANG_WARN_INT_CONVERSION = YES;
				CLANG_WARN_NON_LITERAL_NULL_CONVERSION = YES;
				CLANG_WARN_OBJC_IMPLICIT_RETAIN_SELF = YES;
				CLANG_WARN_OBJC_LITERAL_CONVERSION = YES;
				CLANG_WARN_OBJC_ROOT_CLASS = YES_ERROR;
				CLANG_WARN_QUOTED_INCLUDE_IN_FRAMEWORK_HEADER = YES;
				CLANG_WARN_RANGE_LOOP_ANALYSIS = YES;
				CLANG_WARN_STRICT_PROTOTYPES = YES;
				CLANG_WARN_SUSPICIOUS_MOVE = YES;
				CLANG_WARN_UNGUARDED_AVAILABILITY = YES_AGGRESSIVE;
				CLANG_WARN_UNREACHABLE_CODE = YES;
				CLANG_WARN__DUPLICATE_METHOD_MATCH = YES;
				COPY_PHASE_STRIP = NO;
				DEBUG_INFORMATION_FORMAT = dwarf;
				ENABLE_STRICT_OBJC_MSGSEND = YES;
				ENABLE_TESTABILITY = YES;
				GCC_C_LANGUAGE_STANDARD = gnu11;
				GCC_DYNAMIC_NO_PIC = NO;
				GCC_NO_COMMON_BLOCKS = YES;
				GCC_OPTIMIZATION_LEVEL = 0;
				GCC_PREPROCESSOR_DEFINITIONS = (
					"DEBUG=1",
					"$(inherited)",
				);
				GCC_WARN_64_TO_32_BIT_CONVERSION = YES;
				GCC_WARN_ABOUT_RETURN_TYPE = YES_ERROR;
				GCC_WARN_UNDECLARED_SELECTOR = YES;
				GCC_WARN_UNINITIALIZED_AUTOS = YES_AGGRESSIVE;
				GCC_WARN_UNUSED_FUNCTION = YES;
				GCC_WARN_UNUSED_VARIABLE = YES;
				IPHONEOS_DEPLOYMENT_TARGET = 16.0;
				MTL_ENABLE_DEBUG_INFO = INCLUDE_SOURCE;
				MTL_FAST_MATH = YES;
				ONLY_ACTIVE_ARCH = YES;
				SDKROOT = iphoneos;
				SWIFT_ACTIVE_COMPILATION_CONDITIONS = DEBUG;
				SWIFT_OPTIMIZATION_LEVEL = "-Onone";
			};
			name = Debug;
		};
		7AFD7C6D2963674300296B9E /* Release */ = {
			isa = XCBuildConfiguration;
			buildSettings = {
				ALWAYS_SEARCH_USER_PATHS = NO;
				CLANG_ANALYZER_NONNULL = YES;
				CLANG_ANALYZER_NUMBER_OBJECT_CONVERSION = YES_AGGRESSIVE;
				CLANG_CXX_LANGUAGE_STANDARD = "gnu++20";
				CLANG_ENABLE_MODULES = YES;
				CLANG_ENABLE_OBJC_ARC = YES;
				CLANG_ENABLE_OBJC_WEAK = YES;
				CLANG_WARN_BLOCK_CAPTURE_AUTORELEASING = YES;
				CLANG_WARN_BOOL_CONVERSION = YES;
				CLANG_WARN_COMMA = YES;
				CLANG_WARN_CONSTANT_CONVERSION = YES;
				CLANG_WARN_DEPRECATED_OBJC_IMPLEMENTATIONS = YES;
				CLANG_WARN_DIRECT_OBJC_ISA_USAGE = YES_ERROR;
				CLANG_WARN_DOCUMENTATION_COMMENTS = YES;
				CLANG_WARN_EMPTY_BODY = YES;
				CLANG_WARN_ENUM_CONVERSION = YES;
				CLANG_WARN_INFINITE_RECURSION = YES;
				CLANG_WARN_INT_CONVERSION = YES;
				CLANG_WARN_NON_LITERAL_NULL_CONVERSION = YES;
				CLANG_WARN_OBJC_IMPLICIT_RETAIN_SELF = YES;
				CLANG_WARN_OBJC_LITERAL_CONVERSION = YES;
				CLANG_WARN_OBJC_ROOT_CLASS = YES_ERROR;
				CLANG_WARN_QUOTED_INCLUDE_IN_FRAMEWORK_HEADER = YES;
				CLANG_WARN_RANGE_LOOP_ANALYSIS = YES;
				CLANG_WARN_STRICT_PROTOTYPES = YES;
				CLANG_WARN_SUSPICIOUS_MOVE = YES;
				CLANG_WARN_UNGUARDED_AVAILABILITY = YES_AGGRESSIVE;
				CLANG_WARN_UNREACHABLE_CODE = YES;
				CLANG_WARN__DUPLICATE_METHOD_MATCH = YES;
				COPY_PHASE_STRIP = NO;
				DEBUG_INFORMATION_FORMAT = "dwarf-with-dsym";
				ENABLE_NS_ASSERTIONS = NO;
				ENABLE_STRICT_OBJC_MSGSEND = YES;
				GCC_C_LANGUAGE_STANDARD = gnu11;
				GCC_NO_COMMON_BLOCKS = YES;
				GCC_WARN_64_TO_32_BIT_CONVERSION = YES;
				GCC_WARN_ABOUT_RETURN_TYPE = YES_ERROR;
				GCC_WARN_UNDECLARED_SELECTOR = YES;
				GCC_WARN_UNINITIALIZED_AUTOS = YES_AGGRESSIVE;
				GCC_WARN_UNUSED_FUNCTION = YES;
				GCC_WARN_UNUSED_VARIABLE = YES;
				IPHONEOS_DEPLOYMENT_TARGET = 16.0;
				MTL_ENABLE_DEBUG_INFO = NO;
				MTL_FAST_MATH = YES;
				SDKROOT = iphoneos;
				SWIFT_COMPILATION_MODE = wholemodule;
				SWIFT_OPTIMIZATION_LEVEL = "-O";
				VALIDATE_PRODUCT = YES;
			};
			name = Release;
		};
		7AFD7C6F2963674300296B9E /* Debug */ = {
			isa = XCBuildConfiguration;
			buildSettings = {
				ASSETCATALOG_COMPILER_APPICON_NAME = AppIcon;
				ASSETCATALOG_COMPILER_GLOBAL_ACCENT_COLOR_NAME = AccentColor;
				CODE_SIGN_STYLE = Automatic;
				CURRENT_PROJECT_VERSION = 1;
				GENERATE_INFOPLIST_FILE = YES;
				INFOPLIST_FILE = RickAndMorty/Info.plist;
				INFOPLIST_KEY_UIApplicationSupportsIndirectInputEvents = YES;
				INFOPLIST_KEY_UILaunchStoryboardName = LaunchScreen;
				INFOPLIST_KEY_UISupportedInterfaceOrientations_iPad = "UIInterfaceOrientationPortrait UIInterfaceOrientationPortraitUpsideDown UIInterfaceOrientationLandscapeLeft UIInterfaceOrientationLandscapeRight";
				INFOPLIST_KEY_UISupportedInterfaceOrientations_iPhone = "UIInterfaceOrientationPortrait UIInterfaceOrientationLandscapeLeft UIInterfaceOrientationLandscapeRight";
				LD_RUNPATH_SEARCH_PATHS = (
					"$(inherited)",
					"@executable_path/Frameworks",
				);
				MARKETING_VERSION = 1.0;
				PRODUCT_BUNDLE_IDENTIFIER = thiago.leite.RickAndMorty;
				PRODUCT_NAME = "$(TARGET_NAME)";
				SWIFT_EMIT_LOC_STRINGS = YES;
				SWIFT_VERSION = 5.0;
				TARGETED_DEVICE_FAMILY = "1,2";
			};
			name = Debug;
		};
		7AFD7C702963674300296B9E /* Release */ = {
			isa = XCBuildConfiguration;
			buildSettings = {
				ASSETCATALOG_COMPILER_APPICON_NAME = AppIcon;
				ASSETCATALOG_COMPILER_GLOBAL_ACCENT_COLOR_NAME = AccentColor;
				CODE_SIGN_STYLE = Automatic;
				CURRENT_PROJECT_VERSION = 1;
				GENERATE_INFOPLIST_FILE = YES;
				INFOPLIST_FILE = RickAndMorty/Info.plist;
				INFOPLIST_KEY_UIApplicationSupportsIndirectInputEvents = YES;
				INFOPLIST_KEY_UILaunchStoryboardName = LaunchScreen;
				INFOPLIST_KEY_UISupportedInterfaceOrientations_iPad = "UIInterfaceOrientationPortrait UIInterfaceOrientationPortraitUpsideDown UIInterfaceOrientationLandscapeLeft UIInterfaceOrientationLandscapeRight";
				INFOPLIST_KEY_UISupportedInterfaceOrientations_iPhone = "UIInterfaceOrientationPortrait UIInterfaceOrientationLandscapeLeft UIInterfaceOrientationLandscapeRight";
				LD_RUNPATH_SEARCH_PATHS = (
					"$(inherited)",
					"@executable_path/Frameworks",
				);
				MARKETING_VERSION = 1.0;
				PRODUCT_BUNDLE_IDENTIFIER = thiago.leite.RickAndMorty;
				PRODUCT_NAME = "$(TARGET_NAME)";
				SWIFT_EMIT_LOC_STRINGS = YES;
				SWIFT_VERSION = 5.0;
				TARGETED_DEVICE_FAMILY = "1,2";
			};
			name = Release;
		};
/* End XCBuildConfiguration section */

/* Begin XCConfigurationList section */
		7AFD7C552963674100296B9E /* Build configuration list for PBXProject "RickAndMorty" */ = {
			isa = XCConfigurationList;
			buildConfigurations = (
				7AFD7C6C2963674300296B9E /* Debug */,
				7AFD7C6D2963674300296B9E /* Release */,
			);
			defaultConfigurationIsVisible = 0;
			defaultConfigurationName = Release;
		};
		7AFD7C6E2963674300296B9E /* Build configuration list for PBXNativeTarget "RickAndMorty" */ = {
			isa = XCConfigurationList;
			buildConfigurations = (
				7AFD7C6F2963674300296B9E /* Debug */,
				7AFD7C702963674300296B9E /* Release */,
			);
			defaultConfigurationIsVisible = 0;
			defaultConfigurationName = Release;
		};
/* End XCConfigurationList section */
	};
	rootObject = 7AFD7C522963674100296B9E /* Project object */;
}
